
Microsoft Visual Studio Solution File, Format Version 12.00
# Visual Studio Version 16
VisualStudioVersion = 16.0.28803.916
MinimumVisualStudioVersion = 10.0.40219.1
Project("{FAE04EC0-301F-11D3-BF4B-00C04F79EFBC}") = "banco", "banco.csproj", "{A2DB239B-8F99-47BC-85B9-E8786F73E02F}"
EndProject
Project("{FAE04EC0-301F-11D3-BF4B-00C04F79EFBC}") = "aula03-05-2ds", "..\aula03-05-2ds\aula03-05-2ds.csproj", "{8345B90F-69D2-4707-B537-03D6442577CE}"
EndProject
Global
	GlobalSection(SolutionConfigurationPlatforms) = preSolution
		Debug|Any CPU = Debug|Any CPU
		Release|Any CPU = Release|Any CPU
	EndGlobalSection
	GlobalSection(ProjectConfigurationPlatforms) = postSolution
		{A2DB239B-8F99-47BC-85B9-E8786F73E02F}.Debug|Any CPU.ActiveCfg = Debug|Any CPU
		{A2DB239B-8F99-47BC-85B9-E8786F73E02F}.Debug|Any CPU.Build.0 = Debug|Any CPU
		{A2DB239B-8F99-47BC-85B9-E8786F73E02F}.Release|Any CPU.ActiveCfg = Release|Any CPU
		{A2DB239B-8F99-47BC-85B9-E8786F73E02F}.Release|Any CPU.Build.0 = Release|Any CPU
		{8345B90F-69D2-4707-B537-03D6442577CE}.Debug|Any CPU.ActiveCfg = Debug|Any CPU
		{8345B90F-69D2-4707-B537-03D6442577CE}.Debug|Any CPU.Build.0 = Debug|Any CPU
		{8345B90F-69D2-4707-B537-03D6442577CE}.Release|Any CPU.ActiveCfg = Release|Any CPU
		{8345B90F-69D2-4707-B537-03D6442577CE}.Release|Any CPU.Build.0 = Release|Any CPU
	EndGlobalSection
	GlobalSection(SolutionProperties) = preSolution
		HideSolutionNode = FALSE
	EndGlobalSection
	GlobalSection(ExtensibilityGlobals) = postSolution
		SolutionGuid = {724F0416-9A4A-420C-8A67-BD30A55BBE17}
	EndGlobalSection
EndGlobal
