
Microsoft Visual Studio Solution File, Format Version 12.00
# Visual Studio Version 16
VisualStudioVersion = 16.0.28803.916
MinimumVisualStudioVersion = 10.0.40219.1
Project("{FAE04EC0-301F-11D3-BF4B-00C04F79EFBC}") = "calculadora-2ds", "calculadora-2ds.csproj", "{E1BEDFC8-275B-4232-9CE4-3700016BAEE6}"
EndProject
Global
	GlobalSection(SolutionConfigurationPlatforms) = preSolution
		Debug|Any CPU = Debug|Any CPU
		Release|Any CPU = Release|Any CPU
	EndGlobalSection
	GlobalSection(ProjectConfigurationPlatforms) = postSolution
		{E1BEDFC8-275B-4232-9CE4-3700016BAEE6}.Debug|Any CPU.ActiveCfg = Debug|Any CPU
		{E1BEDFC8-275B-4232-9CE4-3700016BAEE6}.Debug|Any CPU.Build.0 = Debug|Any CPU
		{E1BEDFC8-275B-4232-9CE4-3700016BAEE6}.Release|Any CPU.ActiveCfg = Release|Any CPU
		{E1BEDFC8-275B-4232-9CE4-3700016BAEE6}.Release|Any CPU.Build.0 = Release|Any CPU
	EndGlobalSection
	GlobalSection(SolutionProperties) = preSolution
		HideSolutionNode = FALSE
	EndGlobalSection
	GlobalSection(ExtensibilityGlobals) = postSolution
		SolutionGuid = {8A4E880D-57B3-49C7-91B1-6AC2D032DD5A}
	EndGlobalSection
EndGlobal
